
Microsoft Visual Studio Solution File, Format Version 12.00
Project("{2150E333-8FDC-42A3-9474-1A3956D46DE8}") = "Uke 2", "Uke 2", "{DD95C68B-D4CF-4B07-B9EF-FB014A2A11A9}"
EndProject
Project("{FAE04EC0-301F-11D3-BF4B-00C04F79EFBC}") = "Luhn_checker_app", "Luhn_checker_app\Luhn_checker_app.csproj", "{1AD2B503-0178-475C-BA40-B974005B2C76}"
EndProject
Project("{FAE04EC0-301F-11D3-BF4B-00C04F79EFBC}") = "AgeChecker", "AgeChecker\AgeChecker.csproj", "{7008055A-6151-467D-854F-F60B852B367C}"
EndProject
Project("{FAE04EC0-301F-11D3-BF4B-00C04F79EFBC}") = "ConsoleApp1", "ConsoleApp1\ConsoleApp1.csproj", "{D40B919C-A996-458B-87CB-1F3C28743D8A}"
EndProject
Project("{FAE04EC0-301F-11D3-BF4B-00C04F79EFBC}") = "FizzBuzz", "FizzBuzz\FizzBuzz.csproj", "{11009B0B-D074-4690-B924-E347998C6B96}"
EndProject
Project("{FAE04EC0-301F-11D3-BF4B-00C04F79EFBC}") = "FizzBuzz2", "FizzBuzz2\FizzBuzz2.csproj", "{CDEE1CA1-492B-4559-90AF-43C8485D0B73}"
EndProject
Project("{FAE04EC0-301F-11D3-BF4B-00C04F79EFBC}") = "HelloWorld", "HelloWorld\HelloWorld.csproj", "{1969D6B9-07D7-4935-A1AC-63F5A781B08D}"
EndProject
Project("{FAE04EC0-301F-11D3-BF4B-00C04F79EFBC}") = "Numberer", "Numberer\Numberer.csproj", "{430FC585-45B8-473D-AB17-FDF691775F97}"
EndProject
Project("{FAE04EC0-301F-11D3-BF4B-00C04F79EFBC}") = "Numbers", "Numbers\Numbers.csproj", "{515F2DCE-6C21-47BD-ABDD-9CACEB66BB5B}"
EndProject
Project("{2150E333-8FDC-42A3-9474-1A3956D46DE8}") = "Uke 3", "Uke 3", "{54523723-AACD-49C2-B5FF-DBEDAB3972E6}"
EndProject
Project("{2150E333-8FDC-42A3-9474-1A3956D46DE8}") = "Uke 4", "Uke 4", "{A3BBFBB2-42E0-4E45-A5C2-0514D48DC13F}"
EndProject
Project("{FAE04EC0-301F-11D3-BF4B-00C04F79EFBC}") = "PetsInClass", "PetsInClass\PetsInClass.csproj", "{BBBE6B15-296C-48E6-8D42-47BBDF0D0205}"
EndProject
Project("{FAE04EC0-301F-11D3-BF4B-00C04F79EFBC}") = "Games", "Games\Games.csproj", "{657197A4-268E-4465-9C3A-D098FCAB9B2A}"
EndProject
Project("{FAE04EC0-301F-11D3-BF4B-00C04F79EFBC}") = "MyMath", "MyMath\MyMath.csproj", "{4AF16E4D-B637-4297-8903-D815F417F5C0}"
EndProject
Project("{FAE04EC0-301F-11D3-BF4B-00C04F79EFBC}") = "BookXample", "BookXample\BookXample.csproj", "{78747EF8-07CB-4EBD-A26E-3DEBFF8BE9C2}"
EndProject
Project("{FAE04EC0-301F-11D3-BF4B-00C04F79EFBC}") = "RandomNumbers", "RandomNumbers\RandomNumbers.csproj", "{69C6BAB4-D412-40E3-8DA1-6A0B5CF6E151}"
EndProject
Project("{2150E333-8FDC-42A3-9474-1A3956D46DE8}") = "Uke 6", "Uke 6", "{0F2D79EB-B70C-4FF0-83B0-A98A357E3BF1}"
EndProject
Project("{FAE04EC0-301F-11D3-BF4B-00C04F79EFBC}") = "RPG_Characters", "RPG_Characters\RPG_Characters.csproj", "{49A0AB2F-289A-4555-B766-5220A2C08F6E}"
EndProject
Project("{2150E333-8FDC-42A3-9474-1A3956D46DE8}") = "Uke 7", "Uke 7", "{5CBB5C63-3CBA-4D44-B68C-925CE919A480}"
EndProject
Project("{FAE04EC0-301F-11D3-BF4B-00C04F79EFBC}") = "IkeaApp", "IkeaApp\IkeaApp.csproj", "{C1DCD45A-7A64-446E-A669-E7C41AE9A6D3}"
EndProject
Project("{2150E333-8FDC-42A3-9474-1A3956D46DE8}") = "IkeaApp", "IkeaApp", "{951F3874-BEE6-426B-8262-D534CF93643D}"
EndProject
Project("{2150E333-8FDC-42A3-9474-1A3956D46DE8}") = "Weatherapp", "Weatherapp", "{1F3A2D20-3F10-4DF8-8915-94BA726E8722}"
EndProject
Project("{FAE04EC0-301F-11D3-BF4B-00C04F79EFBC}") = "Weather", "Weather\Weather.csproj", "{85915E6D-34DC-47D6-93D3-70DDCEE0F154}"
EndProject
Project("{FAE04EC0-301F-11D3-BF4B-00C04F79EFBC}") = "Weather2.0", "Weather2.0\Weather2.0.csproj", "{7626FCD1-0487-49DB-A0BA-62A9777D5640}"
EndProject
Project("{2150E333-8FDC-42A3-9474-1A3956D46DE8}") = "Tuples", "Tuples", "{DCB25D32-7DF3-4366-8905-D6B87305F75A}"
EndProject
Project("{FAE04EC0-301F-11D3-BF4B-00C04F79EFBC}") = "ConsoleApp2", "ConsoleApp2\ConsoleApp2.csproj", "{40BEF97D-968D-4C34-BC15-627A3B514516}"
EndProject
Project("{2150E333-8FDC-42A3-9474-1A3956D46DE8}") = "Calculator", "Calculator", "{B75685D3-4A5A-4200-A71F-F4D21AB932CB}"
EndProject
Project("{FAE04EC0-301F-11D3-BF4B-00C04F79EFBC}") = "CalculaTHOR", "CalculaTHOR\CalculaTHOR.csproj", "{349F4F41-8BF4-4DCF-B09B-4D29A9524BEB}"
EndProject
Project("{2150E333-8FDC-42A3-9474-1A3956D46DE8}") = "Uke 9", "Uke 9", "{9A0E2608-71FE-4642-8BC8-32FBED014FE6}"
EndProject
Project("{FAE04EC0-301F-11D3-BF4B-00C04F79EFBC}") = "LetsTrySomething", "LetsTrySomething\LetsTrySomething.csproj", "{4214674F-6E72-47BB-A190-327E513C5F24}"
EndProject
Project("{2150E333-8FDC-42A3-9474-1A3956D46DE8}") = "Uke 10", "Uke 10", "{2BB84119-E044-427E-8E88-63E52DA835E2}"
EndProject
Project("{FAE04EC0-301F-11D3-BF4B-00C04F79EFBC}") = "TextDecorator", "Uke 10\TextDecorator\TextDecorator.csproj", "{0E64913C-2164-48A1-8DCB-E4BD6FC7ED9E}"
EndProject
Project("{2150E333-8FDC-42A3-9474-1A3956D46DE8}") = "TextDecorator", "TextDecorator", "{5DCC7216-E7CD-4245-BFF6-748965DA7E77}"
EndProject
Project("{2150E333-8FDC-42A3-9474-1A3956D46DE8}") = "Lamda", "Lamda", "{0BDD6C44-78B9-430C-9D87-A8FEAF668432}"
EndProject
Project("{FAE04EC0-301F-11D3-BF4B-00C04F79EFBC}") = "Lamda", "Uke 10\Lamda\Lamda.csproj", "{5C326085-20C0-4DDB-B420-CF2ADAC4C747}"
EndProject
Project("{FAE04EC0-301F-11D3-BF4B-00C04F79EFBC}") = "Lamda 2.0", "Uke 10\Lamda\Lamda 2.0\Lamda 2.0.csproj", "{E3ACFD4C-6B8C-4989-A344-03301A4CB8AA}"
EndProject
Project("{2150E333-8FDC-42A3-9474-1A3956D46DE8}") = "LamdaMVP", "LamdaMVP", "{D73BE75C-F72E-48F9-9685-7CFFC319613D}"
EndProject
Project("{FAE04EC0-301F-11D3-BF4B-00C04F79EFBC}") = "LamdaMVP", "Uke 10\LamdaMVP\LamdaMVP.csproj", "{7F12B213-023B-4A2A-97F4-E3C0E04FED95}"
EndProject
Project("{2150E333-8FDC-42A3-9474-1A3956D46DE8}") = "FilterExemple", "FilterExemple", "{DC178214-5E37-49FD-B77A-8B8172EEED61}"
EndProject
Project("{FAE04EC0-301F-11D3-BF4B-00C04F79EFBC}") = "FilterExemple", "Uke 10\FilterExemple\FilterExemple.csproj", "{BA953FDE-2761-4E94-9641-48AACF23464B}"
EndProject
Project("{2150E333-8FDC-42A3-9474-1A3956D46DE8}") = "Generics1", "Generics1", "{081A2019-3A77-4CF2-B1C8-5FF43DC29347}"
EndProject
Project("{FAE04EC0-301F-11D3-BF4B-00C04F79EFBC}") = "Generics1", "Uke 10\Generics1\Generics1.csproj", "{718C327D-8B97-44CC-A8B5-EC10324FE0E5}"
EndProject
Project("{2150E333-8FDC-42A3-9474-1A3956D46DE8}") = "Uke 11", "Uke 11", "{C4E34AC2-D1D0-4559-B12A-3B3E798A78B1}"
EndProject
Project("{2150E333-8FDC-42A3-9474-1A3956D46DE8}") = "SodukoValidator", "SodukoValidator", "{96642275-EF17-4267-AE1E-BC33B575DE2C}"
EndProject
Project("{FAE04EC0-301F-11D3-BF4B-00C04F79EFBC}") = "SudukoValidator", "SudukoValidator\SudukoValidator.csproj", "{24038060-1D6F-4B30-8E03-413DD5400917}"
EndProject
Project("{2150E333-8FDC-42A3-9474-1A3956D46DE8}") = "Uke 12", "Uke 12", "{7F810124-41CC-46C7-85E7-819ADB14747D}"
EndProject
Project("{FAE04EC0-301F-11D3-BF4B-00C04F79EFBC}") = "TDDCalc", "TDDCalc\TDDCalc.csproj", "{52D97431-0059-47DE-B37E-0A7DCFE1D02B}"
EndProject
Project("{2150E333-8FDC-42A3-9474-1A3956D46DE8}") = "TDDCalc", "TDDCalc", "{5EB7C0C2-E600-449B-9859-192CC6AA6DBC}"
EndProject
Global
	GlobalSection(SolutionConfigurationPlatforms) = preSolution
		Debug|Any CPU = Debug|Any CPU
		Release|Any CPU = Release|Any CPU
	EndGlobalSection
	GlobalSection(NestedProjects) = preSolution
		{1AD2B503-0178-475C-BA40-B974005B2C76} = {DD95C68B-D4CF-4B07-B9EF-FB014A2A11A9}
		{7008055A-6151-467D-854F-F60B852B367C} = {DD95C68B-D4CF-4B07-B9EF-FB014A2A11A9}
		{D40B919C-A996-458B-87CB-1F3C28743D8A} = {DD95C68B-D4CF-4B07-B9EF-FB014A2A11A9}
		{11009B0B-D074-4690-B924-E347998C6B96} = {DD95C68B-D4CF-4B07-B9EF-FB014A2A11A9}
		{CDEE1CA1-492B-4559-90AF-43C8485D0B73} = {DD95C68B-D4CF-4B07-B9EF-FB014A2A11A9}
		{1969D6B9-07D7-4935-A1AC-63F5A781B08D} = {DD95C68B-D4CF-4B07-B9EF-FB014A2A11A9}
		{430FC585-45B8-473D-AB17-FDF691775F97} = {DD95C68B-D4CF-4B07-B9EF-FB014A2A11A9}
		{515F2DCE-6C21-47BD-ABDD-9CACEB66BB5B} = {DD95C68B-D4CF-4B07-B9EF-FB014A2A11A9}
		{BBBE6B15-296C-48E6-8D42-47BBDF0D0205} = {A3BBFBB2-42E0-4E45-A5C2-0514D48DC13F}
		{657197A4-268E-4465-9C3A-D098FCAB9B2A} = {A3BBFBB2-42E0-4E45-A5C2-0514D48DC13F}
		{4AF16E4D-B637-4297-8903-D815F417F5C0} = {A3BBFBB2-42E0-4E45-A5C2-0514D48DC13F}
		{78747EF8-07CB-4EBD-A26E-3DEBFF8BE9C2} = {A3BBFBB2-42E0-4E45-A5C2-0514D48DC13F}
		{69C6BAB4-D412-40E3-8DA1-6A0B5CF6E151} = {A3BBFBB2-42E0-4E45-A5C2-0514D48DC13F}
		{49A0AB2F-289A-4555-B766-5220A2C08F6E} = {0F2D79EB-B70C-4FF0-83B0-A98A357E3BF1}
		{951F3874-BEE6-426B-8262-D534CF93643D} = {5CBB5C63-3CBA-4D44-B68C-925CE919A480}
		{C1DCD45A-7A64-446E-A669-E7C41AE9A6D3} = {951F3874-BEE6-426B-8262-D534CF93643D}
		{1F3A2D20-3F10-4DF8-8915-94BA726E8722} = {5CBB5C63-3CBA-4D44-B68C-925CE919A480}
		{85915E6D-34DC-47D6-93D3-70DDCEE0F154} = {1F3A2D20-3F10-4DF8-8915-94BA726E8722}
		{7626FCD1-0487-49DB-A0BA-62A9777D5640} = {1F3A2D20-3F10-4DF8-8915-94BA726E8722}
		{DCB25D32-7DF3-4366-8905-D6B87305F75A} = {5CBB5C63-3CBA-4D44-B68C-925CE919A480}
		{40BEF97D-968D-4C34-BC15-627A3B514516} = {DCB25D32-7DF3-4366-8905-D6B87305F75A}
		{B75685D3-4A5A-4200-A71F-F4D21AB932CB} = {5CBB5C63-3CBA-4D44-B68C-925CE919A480}
		{349F4F41-8BF4-4DCF-B09B-4D29A9524BEB} = {B75685D3-4A5A-4200-A71F-F4D21AB932CB}
		{4214674F-6E72-47BB-A190-327E513C5F24} = {9A0E2608-71FE-4642-8BC8-32FBED014FE6}
		{5DCC7216-E7CD-4245-BFF6-748965DA7E77} = {2BB84119-E044-427E-8E88-63E52DA835E2}
		{0E64913C-2164-48A1-8DCB-E4BD6FC7ED9E} = {5DCC7216-E7CD-4245-BFF6-748965DA7E77}
		{0BDD6C44-78B9-430C-9D87-A8FEAF668432} = {2BB84119-E044-427E-8E88-63E52DA835E2}
		{5C326085-20C0-4DDB-B420-CF2ADAC4C747} = {0BDD6C44-78B9-430C-9D87-A8FEAF668432}
		{E3ACFD4C-6B8C-4989-A344-03301A4CB8AA} = {0BDD6C44-78B9-430C-9D87-A8FEAF668432}
		{D73BE75C-F72E-48F9-9685-7CFFC319613D} = {2BB84119-E044-427E-8E88-63E52DA835E2}
		{7F12B213-023B-4A2A-97F4-E3C0E04FED95} = {D73BE75C-F72E-48F9-9685-7CFFC319613D}
		{DC178214-5E37-49FD-B77A-8B8172EEED61} = {2BB84119-E044-427E-8E88-63E52DA835E2}
		{BA953FDE-2761-4E94-9641-48AACF23464B} = {DC178214-5E37-49FD-B77A-8B8172EEED61}
		{081A2019-3A77-4CF2-B1C8-5FF43DC29347} = {2BB84119-E044-427E-8E88-63E52DA835E2}
		{718C327D-8B97-44CC-A8B5-EC10324FE0E5} = {081A2019-3A77-4CF2-B1C8-5FF43DC29347}
		{96642275-EF17-4267-AE1E-BC33B575DE2C} = {C4E34AC2-D1D0-4559-B12A-3B3E798A78B1}
		{24038060-1D6F-4B30-8E03-413DD5400917} = {96642275-EF17-4267-AE1E-BC33B575DE2C}
		{5EB7C0C2-E600-449B-9859-192CC6AA6DBC} = {7F810124-41CC-46C7-85E7-819ADB14747D}
		{52D97431-0059-47DE-B37E-0A7DCFE1D02B} = {5EB7C0C2-E600-449B-9859-192CC6AA6DBC}
	EndGlobalSection
	GlobalSection(ProjectConfigurationPlatforms) = postSolution
		{1AD2B503-0178-475C-BA40-B974005B2C76}.Debug|Any CPU.ActiveCfg = Debug|Any CPU
		{1AD2B503-0178-475C-BA40-B974005B2C76}.Debug|Any CPU.Build.0 = Debug|Any CPU
		{1AD2B503-0178-475C-BA40-B974005B2C76}.Release|Any CPU.ActiveCfg = Release|Any CPU
		{1AD2B503-0178-475C-BA40-B974005B2C76}.Release|Any CPU.Build.0 = Release|Any CPU
		{7008055A-6151-467D-854F-F60B852B367C}.Debug|Any CPU.ActiveCfg = Debug|Any CPU
		{7008055A-6151-467D-854F-F60B852B367C}.Debug|Any CPU.Build.0 = Debug|Any CPU
		{7008055A-6151-467D-854F-F60B852B367C}.Release|Any CPU.ActiveCfg = Release|Any CPU
		{7008055A-6151-467D-854F-F60B852B367C}.Release|Any CPU.Build.0 = Release|Any CPU
		{D40B919C-A996-458B-87CB-1F3C28743D8A}.Debug|Any CPU.ActiveCfg = Debug|Any CPU
		{D40B919C-A996-458B-87CB-1F3C28743D8A}.Debug|Any CPU.Build.0 = Debug|Any CPU
		{D40B919C-A996-458B-87CB-1F3C28743D8A}.Release|Any CPU.ActiveCfg = Release|Any CPU
		{D40B919C-A996-458B-87CB-1F3C28743D8A}.Release|Any CPU.Build.0 = Release|Any CPU
		{11009B0B-D074-4690-B924-E347998C6B96}.Debug|Any CPU.ActiveCfg = Debug|Any CPU
		{11009B0B-D074-4690-B924-E347998C6B96}.Debug|Any CPU.Build.0 = Debug|Any CPU
		{11009B0B-D074-4690-B924-E347998C6B96}.Release|Any CPU.ActiveCfg = Release|Any CPU
		{11009B0B-D074-4690-B924-E347998C6B96}.Release|Any CPU.Build.0 = Release|Any CPU
		{CDEE1CA1-492B-4559-90AF-43C8485D0B73}.Debug|Any CPU.ActiveCfg = Debug|Any CPU
		{CDEE1CA1-492B-4559-90AF-43C8485D0B73}.Debug|Any CPU.Build.0 = Debug|Any CPU
		{CDEE1CA1-492B-4559-90AF-43C8485D0B73}.Release|Any CPU.ActiveCfg = Release|Any CPU
		{CDEE1CA1-492B-4559-90AF-43C8485D0B73}.Release|Any CPU.Build.0 = Release|Any CPU
		{1969D6B9-07D7-4935-A1AC-63F5A781B08D}.Debug|Any CPU.ActiveCfg = Debug|Any CPU
		{1969D6B9-07D7-4935-A1AC-63F5A781B08D}.Debug|Any CPU.Build.0 = Debug|Any CPU
		{1969D6B9-07D7-4935-A1AC-63F5A781B08D}.Release|Any CPU.ActiveCfg = Release|Any CPU
		{1969D6B9-07D7-4935-A1AC-63F5A781B08D}.Release|Any CPU.Build.0 = Release|Any CPU
		{430FC585-45B8-473D-AB17-FDF691775F97}.Debug|Any CPU.ActiveCfg = Debug|Any CPU
		{430FC585-45B8-473D-AB17-FDF691775F97}.Debug|Any CPU.Build.0 = Debug|Any CPU
		{430FC585-45B8-473D-AB17-FDF691775F97}.Release|Any CPU.ActiveCfg = Release|Any CPU
		{430FC585-45B8-473D-AB17-FDF691775F97}.Release|Any CPU.Build.0 = Release|Any CPU
		{515F2DCE-6C21-47BD-ABDD-9CACEB66BB5B}.Debug|Any CPU.ActiveCfg = Debug|Any CPU
		{515F2DCE-6C21-47BD-ABDD-9CACEB66BB5B}.Debug|Any CPU.Build.0 = Debug|Any CPU
		{515F2DCE-6C21-47BD-ABDD-9CACEB66BB5B}.Release|Any CPU.ActiveCfg = Release|Any CPU
		{515F2DCE-6C21-47BD-ABDD-9CACEB66BB5B}.Release|Any CPU.Build.0 = Release|Any CPU
		{BBBE6B15-296C-48E6-8D42-47BBDF0D0205}.Debug|Any CPU.ActiveCfg = Debug|Any CPU
		{BBBE6B15-296C-48E6-8D42-47BBDF0D0205}.Debug|Any CPU.Build.0 = Debug|Any CPU
		{BBBE6B15-296C-48E6-8D42-47BBDF0D0205}.Release|Any CPU.ActiveCfg = Release|Any CPU
		{BBBE6B15-296C-48E6-8D42-47BBDF0D0205}.Release|Any CPU.Build.0 = Release|Any CPU
		{657197A4-268E-4465-9C3A-D098FCAB9B2A}.Debug|Any CPU.ActiveCfg = Debug|Any CPU
		{657197A4-268E-4465-9C3A-D098FCAB9B2A}.Debug|Any CPU.Build.0 = Debug|Any CPU
		{657197A4-268E-4465-9C3A-D098FCAB9B2A}.Release|Any CPU.ActiveCfg = Release|Any CPU
		{657197A4-268E-4465-9C3A-D098FCAB9B2A}.Release|Any CPU.Build.0 = Release|Any CPU
		{4AF16E4D-B637-4297-8903-D815F417F5C0}.Debug|Any CPU.ActiveCfg = Debug|Any CPU
		{4AF16E4D-B637-4297-8903-D815F417F5C0}.Debug|Any CPU.Build.0 = Debug|Any CPU
		{4AF16E4D-B637-4297-8903-D815F417F5C0}.Release|Any CPU.ActiveCfg = Release|Any CPU
		{4AF16E4D-B637-4297-8903-D815F417F5C0}.Release|Any CPU.Build.0 = Release|Any CPU
		{78747EF8-07CB-4EBD-A26E-3DEBFF8BE9C2}.Debug|Any CPU.ActiveCfg = Debug|Any CPU
		{78747EF8-07CB-4EBD-A26E-3DEBFF8BE9C2}.Debug|Any CPU.Build.0 = Debug|Any CPU
		{78747EF8-07CB-4EBD-A26E-3DEBFF8BE9C2}.Release|Any CPU.ActiveCfg = Release|Any CPU
		{78747EF8-07CB-4EBD-A26E-3DEBFF8BE9C2}.Release|Any CPU.Build.0 = Release|Any CPU
		{69C6BAB4-D412-40E3-8DA1-6A0B5CF6E151}.Debug|Any CPU.ActiveCfg = Debug|Any CPU
		{69C6BAB4-D412-40E3-8DA1-6A0B5CF6E151}.Debug|Any CPU.Build.0 = Debug|Any CPU
		{69C6BAB4-D412-40E3-8DA1-6A0B5CF6E151}.Release|Any CPU.ActiveCfg = Release|Any CPU
		{69C6BAB4-D412-40E3-8DA1-6A0B5CF6E151}.Release|Any CPU.Build.0 = Release|Any CPU
		{49A0AB2F-289A-4555-B766-5220A2C08F6E}.Debug|Any CPU.ActiveCfg = Debug|Any CPU
		{49A0AB2F-289A-4555-B766-5220A2C08F6E}.Debug|Any CPU.Build.0 = Debug|Any CPU
		{49A0AB2F-289A-4555-B766-5220A2C08F6E}.Release|Any CPU.ActiveCfg = Release|Any CPU
		{49A0AB2F-289A-4555-B766-5220A2C08F6E}.Release|Any CPU.Build.0 = Release|Any CPU
		{C1DCD45A-7A64-446E-A669-E7C41AE9A6D3}.Debug|Any CPU.ActiveCfg = Debug|Any CPU
		{C1DCD45A-7A64-446E-A669-E7C41AE9A6D3}.Debug|Any CPU.Build.0 = Debug|Any CPU
		{C1DCD45A-7A64-446E-A669-E7C41AE9A6D3}.Release|Any CPU.ActiveCfg = Release|Any CPU
		{C1DCD45A-7A64-446E-A669-E7C41AE9A6D3}.Release|Any CPU.Build.0 = Release|Any CPU
		{85915E6D-34DC-47D6-93D3-70DDCEE0F154}.Debug|Any CPU.ActiveCfg = Debug|Any CPU
		{85915E6D-34DC-47D6-93D3-70DDCEE0F154}.Debug|Any CPU.Build.0 = Debug|Any CPU
		{85915E6D-34DC-47D6-93D3-70DDCEE0F154}.Release|Any CPU.ActiveCfg = Release|Any CPU
		{85915E6D-34DC-47D6-93D3-70DDCEE0F154}.Release|Any CPU.Build.0 = Release|Any CPU
		{7626FCD1-0487-49DB-A0BA-62A9777D5640}.Debug|Any CPU.ActiveCfg = Debug|Any CPU
		{7626FCD1-0487-49DB-A0BA-62A9777D5640}.Debug|Any CPU.Build.0 = Debug|Any CPU
		{7626FCD1-0487-49DB-A0BA-62A9777D5640}.Release|Any CPU.ActiveCfg = Release|Any CPU
		{7626FCD1-0487-49DB-A0BA-62A9777D5640}.Release|Any CPU.Build.0 = Release|Any CPU
		{40BEF97D-968D-4C34-BC15-627A3B514516}.Debug|Any CPU.ActiveCfg = Debug|Any CPU
		{40BEF97D-968D-4C34-BC15-627A3B514516}.Debug|Any CPU.Build.0 = Debug|Any CPU
		{40BEF97D-968D-4C34-BC15-627A3B514516}.Release|Any CPU.ActiveCfg = Release|Any CPU
		{40BEF97D-968D-4C34-BC15-627A3B514516}.Release|Any CPU.Build.0 = Release|Any CPU
		{349F4F41-8BF4-4DCF-B09B-4D29A9524BEB}.Debug|Any CPU.ActiveCfg = Debug|Any CPU
		{349F4F41-8BF4-4DCF-B09B-4D29A9524BEB}.Debug|Any CPU.Build.0 = Debug|Any CPU
		{349F4F41-8BF4-4DCF-B09B-4D29A9524BEB}.Release|Any CPU.ActiveCfg = Release|Any CPU
		{349F4F41-8BF4-4DCF-B09B-4D29A9524BEB}.Release|Any CPU.Build.0 = Release|Any CPU
		{4214674F-6E72-47BB-A190-327E513C5F24}.Debug|Any CPU.ActiveCfg = Debug|Any CPU
		{4214674F-6E72-47BB-A190-327E513C5F24}.Debug|Any CPU.Build.0 = Debug|Any CPU
		{4214674F-6E72-47BB-A190-327E513C5F24}.Release|Any CPU.ActiveCfg = Release|Any CPU
		{4214674F-6E72-47BB-A190-327E513C5F24}.Release|Any CPU.Build.0 = Release|Any CPU
		{0E64913C-2164-48A1-8DCB-E4BD6FC7ED9E}.Debug|Any CPU.ActiveCfg = Debug|Any CPU
		{0E64913C-2164-48A1-8DCB-E4BD6FC7ED9E}.Debug|Any CPU.Build.0 = Debug|Any CPU
		{0E64913C-2164-48A1-8DCB-E4BD6FC7ED9E}.Release|Any CPU.ActiveCfg = Release|Any CPU
		{0E64913C-2164-48A1-8DCB-E4BD6FC7ED9E}.Release|Any CPU.Build.0 = Release|Any CPU
		{5C326085-20C0-4DDB-B420-CF2ADAC4C747}.Debug|Any CPU.ActiveCfg = Debug|Any CPU
		{5C326085-20C0-4DDB-B420-CF2ADAC4C747}.Debug|Any CPU.Build.0 = Debug|Any CPU
		{5C326085-20C0-4DDB-B420-CF2ADAC4C747}.Release|Any CPU.ActiveCfg = Release|Any CPU
		{5C326085-20C0-4DDB-B420-CF2ADAC4C747}.Release|Any CPU.Build.0 = Release|Any CPU
		{E3ACFD4C-6B8C-4989-A344-03301A4CB8AA}.Debug|Any CPU.ActiveCfg = Debug|Any CPU
		{E3ACFD4C-6B8C-4989-A344-03301A4CB8AA}.Debug|Any CPU.Build.0 = Debug|Any CPU
		{E3ACFD4C-6B8C-4989-A344-03301A4CB8AA}.Release|Any CPU.ActiveCfg = Release|Any CPU
		{E3ACFD4C-6B8C-4989-A344-03301A4CB8AA}.Release|Any CPU.Build.0 = Release|Any CPU
		{7F12B213-023B-4A2A-97F4-E3C0E04FED95}.Debug|Any CPU.ActiveCfg = Debug|Any CPU
		{7F12B213-023B-4A2A-97F4-E3C0E04FED95}.Debug|Any CPU.Build.0 = Debug|Any CPU
		{7F12B213-023B-4A2A-97F4-E3C0E04FED95}.Release|Any CPU.ActiveCfg = Release|Any CPU
		{7F12B213-023B-4A2A-97F4-E3C0E04FED95}.Release|Any CPU.Build.0 = Release|Any CPU
		{BA953FDE-2761-4E94-9641-48AACF23464B}.Debug|Any CPU.ActiveCfg = Debug|Any CPU
		{BA953FDE-2761-4E94-9641-48AACF23464B}.Debug|Any CPU.Build.0 = Debug|Any CPU
		{BA953FDE-2761-4E94-9641-48AACF23464B}.Release|Any CPU.ActiveCfg = Release|Any CPU
		{BA953FDE-2761-4E94-9641-48AACF23464B}.Release|Any CPU.Build.0 = Release|Any CPU
		{718C327D-8B97-44CC-A8B5-EC10324FE0E5}.Debug|Any CPU.ActiveCfg = Debug|Any CPU
		{718C327D-8B97-44CC-A8B5-EC10324FE0E5}.Debug|Any CPU.Build.0 = Debug|Any CPU
		{718C327D-8B97-44CC-A8B5-EC10324FE0E5}.Release|Any CPU.ActiveCfg = Release|Any CPU
		{718C327D-8B97-44CC-A8B5-EC10324FE0E5}.Release|Any CPU.Build.0 = Release|Any CPU
		{24038060-1D6F-4B30-8E03-413DD5400917}.Debug|Any CPU.ActiveCfg = Debug|Any CPU
		{24038060-1D6F-4B30-8E03-413DD5400917}.Debug|Any CPU.Build.0 = Debug|Any CPU
		{24038060-1D6F-4B30-8E03-413DD5400917}.Release|Any CPU.ActiveCfg = Release|Any CPU
		{24038060-1D6F-4B30-8E03-413DD5400917}.Release|Any CPU.Build.0 = Release|Any CPU
		{52D97431-0059-47DE-B37E-0A7DCFE1D02B}.Debug|Any CPU.ActiveCfg = Debug|Any CPU
		{52D97431-0059-47DE-B37E-0A7DCFE1D02B}.Debug|Any CPU.Build.0 = Debug|Any CPU
		{52D97431-0059-47DE-B37E-0A7DCFE1D02B}.Release|Any CPU.ActiveCfg = Release|Any CPU
		{52D97431-0059-47DE-B37E-0A7DCFE1D02B}.Release|Any CPU.Build.0 = Release|Any CPU
	EndGlobalSection
EndGlobal
