
Microsoft Visual Studio Solution File, Format Version 12.00
Project("{2150E333-8FDC-42A3-9474-1A3956D46DE8}") = "Uke 2", "Uke 2", "{DD95C68B-D4CF-4B07-B9EF-FB014A2A11A9}"
EndProject
Project("{FAE04EC0-301F-11D3-BF4B-00C04F79EFBC}") = "Luhn_checker_app", "Luhn_checker_app\Luhn_checker_app.csproj", "{1AD2B503-0178-475C-BA40-B974005B2C76}"
EndProject
Project("{FAE04EC0-301F-11D3-BF4B-00C04F79EFBC}") = "AgeChecker", "AgeChecker\AgeChecker.csproj", "{7008055A-6151-467D-854F-F60B852B367C}"
EndProject
Project("{FAE04EC0-301F-11D3-BF4B-00C04F79EFBC}") = "ConsoleApp1", "ConsoleApp1\ConsoleApp1.csproj", "{D40B919C-A996-458B-87CB-1F3C28743D8A}"
EndProject
Project("{FAE04EC0-301F-11D3-BF4B-00C04F79EFBC}") = "FizzBuzz", "FizzBuzz\FizzBuzz.csproj", "{11009B0B-D074-4690-B924-E347998C6B96}"
EndProject
Project("{FAE04EC0-301F-11D3-BF4B-00C04F79EFBC}") = "FizzBuzz2", "FizzBuzz2\FizzBuzz2.csproj", "{CDEE1CA1-492B-4559-90AF-43C8485D0B73}"
EndProject
Project("{FAE04EC0-301F-11D3-BF4B-00C04F79EFBC}") = "HelloWorld", "HelloWorld\HelloWorld.csproj", "{1969D6B9-07D7-4935-A1AC-63F5A781B08D}"
EndProject
Project("{FAE04EC0-301F-11D3-BF4B-00C04F79EFBC}") = "Numberer", "Numberer\Numberer.csproj", "{430FC585-45B8-473D-AB17-FDF691775F97}"
EndProject
Project("{FAE04EC0-301F-11D3-BF4B-00C04F79EFBC}") = "Numbers", "Numbers\Numbers.csproj", "{515F2DCE-6C21-47BD-ABDD-9CACEB66BB5B}"
EndProject
Project("{2150E333-8FDC-42A3-9474-1A3956D46DE8}") = "Uke 3", "Uke 3", "{54523723-AACD-49C2-B5FF-DBEDAB3972E6}"
EndProject
Project("{2150E333-8FDC-42A3-9474-1A3956D46DE8}") = "Uke 4", "Uke 4", "{A3BBFBB2-42E0-4E45-A5C2-0514D48DC13F}"
EndProject
Project("{FAE04EC0-301F-11D3-BF4B-00C04F79EFBC}") = "PetsInClass", "PetsInClass\PetsInClass.csproj", "{BBBE6B15-296C-48E6-8D42-47BBDF0D0205}"
EndProject
Project("{FAE04EC0-301F-11D3-BF4B-00C04F79EFBC}") = "Games", "Games\Games.csproj", "{657197A4-268E-4465-9C3A-D098FCAB9B2A}"
EndProject
Project("{FAE04EC0-301F-11D3-BF4B-00C04F79EFBC}") = "MyMath", "MyMath\MyMath.csproj", "{4AF16E4D-B637-4297-8903-D815F417F5C0}"
EndProject
Project("{FAE04EC0-301F-11D3-BF4B-00C04F79EFBC}") = "BookXample", "BookXample\BookXample.csproj", "{78747EF8-07CB-4EBD-A26E-3DEBFF8BE9C2}"
EndProject
Project("{FAE04EC0-301F-11D3-BF4B-00C04F79EFBC}") = "RandomNumbers", "RandomNumbers\RandomNumbers.csproj", "{69C6BAB4-D412-40E3-8DA1-6A0B5CF6E151}"
EndProject
Project("{2150E333-8FDC-42A3-9474-1A3956D46DE8}") = "Uke 6", "Uke 6", "{0F2D79EB-B70C-4FF0-83B0-A98A357E3BF1}"
EndProject
Project("{FAE04EC0-301F-11D3-BF4B-00C04F79EFBC}") = "RPG_Characters", "RPG_Characters\RPG_Characters.csproj", "{49A0AB2F-289A-4555-B766-5220A2C08F6E}"
EndProject
Project("{2150E333-8FDC-42A3-9474-1A3956D46DE8}") = "Uke 7", "Uke 7", "{5CBB5C63-3CBA-4D44-B68C-925CE919A480}"
EndProject
Project("{FAE04EC0-301F-11D3-BF4B-00C04F79EFBC}") = "IkeaApp", "IkeaApp\IkeaApp.csproj", "{C1DCD45A-7A64-446E-A669-E7C41AE9A6D3}"
EndProject
Project("{2150E333-8FDC-42A3-9474-1A3956D46DE8}") = "IkeaApp", "IkeaApp", "{951F3874-BEE6-426B-8262-D534CF93643D}"
EndProject
Global
	GlobalSection(SolutionConfigurationPlatforms) = preSolution
		Debug|Any CPU = Debug|Any CPU
		Release|Any CPU = Release|Any CPU
	EndGlobalSection
	GlobalSection(NestedProjects) = preSolution
		{1AD2B503-0178-475C-BA40-B974005B2C76} = {DD95C68B-D4CF-4B07-B9EF-FB014A2A11A9}
		{7008055A-6151-467D-854F-F60B852B367C} = {DD95C68B-D4CF-4B07-B9EF-FB014A2A11A9}
		{D40B919C-A996-458B-87CB-1F3C28743D8A} = {DD95C68B-D4CF-4B07-B9EF-FB014A2A11A9}
		{11009B0B-D074-4690-B924-E347998C6B96} = {DD95C68B-D4CF-4B07-B9EF-FB014A2A11A9}
		{CDEE1CA1-492B-4559-90AF-43C8485D0B73} = {DD95C68B-D4CF-4B07-B9EF-FB014A2A11A9}
		{1969D6B9-07D7-4935-A1AC-63F5A781B08D} = {DD95C68B-D4CF-4B07-B9EF-FB014A2A11A9}
		{430FC585-45B8-473D-AB17-FDF691775F97} = {DD95C68B-D4CF-4B07-B9EF-FB014A2A11A9}
		{515F2DCE-6C21-47BD-ABDD-9CACEB66BB5B} = {DD95C68B-D4CF-4B07-B9EF-FB014A2A11A9}
		{BBBE6B15-296C-48E6-8D42-47BBDF0D0205} = {A3BBFBB2-42E0-4E45-A5C2-0514D48DC13F}
		{657197A4-268E-4465-9C3A-D098FCAB9B2A} = {A3BBFBB2-42E0-4E45-A5C2-0514D48DC13F}
		{4AF16E4D-B637-4297-8903-D815F417F5C0} = {A3BBFBB2-42E0-4E45-A5C2-0514D48DC13F}
		{78747EF8-07CB-4EBD-A26E-3DEBFF8BE9C2} = {A3BBFBB2-42E0-4E45-A5C2-0514D48DC13F}
		{69C6BAB4-D412-40E3-8DA1-6A0B5CF6E151} = {A3BBFBB2-42E0-4E45-A5C2-0514D48DC13F}
		{49A0AB2F-289A-4555-B766-5220A2C08F6E} = {0F2D79EB-B70C-4FF0-83B0-A98A357E3BF1}
		{951F3874-BEE6-426B-8262-D534CF93643D} = {5CBB5C63-3CBA-4D44-B68C-925CE919A480}
		{C1DCD45A-7A64-446E-A669-E7C41AE9A6D3} = {951F3874-BEE6-426B-8262-D534CF93643D}
	EndGlobalSection
	GlobalSection(ProjectConfigurationPlatforms) = postSolution
		{1AD2B503-0178-475C-BA40-B974005B2C76}.Debug|Any CPU.ActiveCfg = Debug|Any CPU
		{1AD2B503-0178-475C-BA40-B974005B2C76}.Debug|Any CPU.Build.0 = Debug|Any CPU
		{1AD2B503-0178-475C-BA40-B974005B2C76}.Release|Any CPU.ActiveCfg = Release|Any CPU
		{1AD2B503-0178-475C-BA40-B974005B2C76}.Release|Any CPU.Build.0 = Release|Any CPU
		{7008055A-6151-467D-854F-F60B852B367C}.Debug|Any CPU.ActiveCfg = Debug|Any CPU
		{7008055A-6151-467D-854F-F60B852B367C}.Debug|Any CPU.Build.0 = Debug|Any CPU
		{7008055A-6151-467D-854F-F60B852B367C}.Release|Any CPU.ActiveCfg = Release|Any CPU
		{7008055A-6151-467D-854F-F60B852B367C}.Release|Any CPU.Build.0 = Release|Any CPU
		{D40B919C-A996-458B-87CB-1F3C28743D8A}.Debug|Any CPU.ActiveCfg = Debug|Any CPU
		{D40B919C-A996-458B-87CB-1F3C28743D8A}.Debug|Any CPU.Build.0 = Debug|Any CPU
		{D40B919C-A996-458B-87CB-1F3C28743D8A}.Release|Any CPU.ActiveCfg = Release|Any CPU
		{D40B919C-A996-458B-87CB-1F3C28743D8A}.Release|Any CPU.Build.0 = Release|Any CPU
		{11009B0B-D074-4690-B924-E347998C6B96}.Debug|Any CPU.ActiveCfg = Debug|Any CPU
		{11009B0B-D074-4690-B924-E347998C6B96}.Debug|Any CPU.Build.0 = Debug|Any CPU
		{11009B0B-D074-4690-B924-E347998C6B96}.Release|Any CPU.ActiveCfg = Release|Any CPU
		{11009B0B-D074-4690-B924-E347998C6B96}.Release|Any CPU.Build.0 = Release|Any CPU
		{CDEE1CA1-492B-4559-90AF-43C8485D0B73}.Debug|Any CPU.ActiveCfg = Debug|Any CPU
		{CDEE1CA1-492B-4559-90AF-43C8485D0B73}.Debug|Any CPU.Build.0 = Debug|Any CPU
		{CDEE1CA1-492B-4559-90AF-43C8485D0B73}.Release|Any CPU.ActiveCfg = Release|Any CPU
		{CDEE1CA1-492B-4559-90AF-43C8485D0B73}.Release|Any CPU.Build.0 = Release|Any CPU
		{1969D6B9-07D7-4935-A1AC-63F5A781B08D}.Debug|Any CPU.ActiveCfg = Debug|Any CPU
		{1969D6B9-07D7-4935-A1AC-63F5A781B08D}.Debug|Any CPU.Build.0 = Debug|Any CPU
		{1969D6B9-07D7-4935-A1AC-63F5A781B08D}.Release|Any CPU.ActiveCfg = Release|Any CPU
		{1969D6B9-07D7-4935-A1AC-63F5A781B08D}.Release|Any CPU.Build.0 = Release|Any CPU
		{430FC585-45B8-473D-AB17-FDF691775F97}.Debug|Any CPU.ActiveCfg = Debug|Any CPU
		{430FC585-45B8-473D-AB17-FDF691775F97}.Debug|Any CPU.Build.0 = Debug|Any CPU
		{430FC585-45B8-473D-AB17-FDF691775F97}.Release|Any CPU.ActiveCfg = Release|Any CPU
		{430FC585-45B8-473D-AB17-FDF691775F97}.Release|Any CPU.Build.0 = Release|Any CPU
		{515F2DCE-6C21-47BD-ABDD-9CACEB66BB5B}.Debug|Any CPU.ActiveCfg = Debug|Any CPU
		{515F2DCE-6C21-47BD-ABDD-9CACEB66BB5B}.Debug|Any CPU.Build.0 = Debug|Any CPU
		{515F2DCE-6C21-47BD-ABDD-9CACEB66BB5B}.Release|Any CPU.ActiveCfg = Release|Any CPU
		{515F2DCE-6C21-47BD-ABDD-9CACEB66BB5B}.Release|Any CPU.Build.0 = Release|Any CPU
		{BBBE6B15-296C-48E6-8D42-47BBDF0D0205}.Debug|Any CPU.ActiveCfg = Debug|Any CPU
		{BBBE6B15-296C-48E6-8D42-47BBDF0D0205}.Debug|Any CPU.Build.0 = Debug|Any CPU
		{BBBE6B15-296C-48E6-8D42-47BBDF0D0205}.Release|Any CPU.ActiveCfg = Release|Any CPU
		{BBBE6B15-296C-48E6-8D42-47BBDF0D0205}.Release|Any CPU.Build.0 = Release|Any CPU
		{657197A4-268E-4465-9C3A-D098FCAB9B2A}.Debug|Any CPU.ActiveCfg = Debug|Any CPU
		{657197A4-268E-4465-9C3A-D098FCAB9B2A}.Debug|Any CPU.Build.0 = Debug|Any CPU
		{657197A4-268E-4465-9C3A-D098FCAB9B2A}.Release|Any CPU.ActiveCfg = Release|Any CPU
		{657197A4-268E-4465-9C3A-D098FCAB9B2A}.Release|Any CPU.Build.0 = Release|Any CPU
		{4AF16E4D-B637-4297-8903-D815F417F5C0}.Debug|Any CPU.ActiveCfg = Debug|Any CPU
		{4AF16E4D-B637-4297-8903-D815F417F5C0}.Debug|Any CPU.Build.0 = Debug|Any CPU
		{4AF16E4D-B637-4297-8903-D815F417F5C0}.Release|Any CPU.ActiveCfg = Release|Any CPU
		{4AF16E4D-B637-4297-8903-D815F417F5C0}.Release|Any CPU.Build.0 = Release|Any CPU
		{78747EF8-07CB-4EBD-A26E-3DEBFF8BE9C2}.Debug|Any CPU.ActiveCfg = Debug|Any CPU
		{78747EF8-07CB-4EBD-A26E-3DEBFF8BE9C2}.Debug|Any CPU.Build.0 = Debug|Any CPU
		{78747EF8-07CB-4EBD-A26E-3DEBFF8BE9C2}.Release|Any CPU.ActiveCfg = Release|Any CPU
		{78747EF8-07CB-4EBD-A26E-3DEBFF8BE9C2}.Release|Any CPU.Build.0 = Release|Any CPU
		{69C6BAB4-D412-40E3-8DA1-6A0B5CF6E151}.Debug|Any CPU.ActiveCfg = Debug|Any CPU
		{69C6BAB4-D412-40E3-8DA1-6A0B5CF6E151}.Debug|Any CPU.Build.0 = Debug|Any CPU
		{69C6BAB4-D412-40E3-8DA1-6A0B5CF6E151}.Release|Any CPU.ActiveCfg = Release|Any CPU
		{69C6BAB4-D412-40E3-8DA1-6A0B5CF6E151}.Release|Any CPU.Build.0 = Release|Any CPU
		{49A0AB2F-289A-4555-B766-5220A2C08F6E}.Debug|Any CPU.ActiveCfg = Debug|Any CPU
		{49A0AB2F-289A-4555-B766-5220A2C08F6E}.Debug|Any CPU.Build.0 = Debug|Any CPU
		{49A0AB2F-289A-4555-B766-5220A2C08F6E}.Release|Any CPU.ActiveCfg = Release|Any CPU
		{49A0AB2F-289A-4555-B766-5220A2C08F6E}.Release|Any CPU.Build.0 = Release|Any CPU
		{C1DCD45A-7A64-446E-A669-E7C41AE9A6D3}.Debug|Any CPU.ActiveCfg = Debug|Any CPU
		{C1DCD45A-7A64-446E-A669-E7C41AE9A6D3}.Debug|Any CPU.Build.0 = Debug|Any CPU
		{C1DCD45A-7A64-446E-A669-E7C41AE9A6D3}.Release|Any CPU.ActiveCfg = Release|Any CPU
		{C1DCD45A-7A64-446E-A669-E7C41AE9A6D3}.Release|Any CPU.Build.0 = Release|Any CPU
	EndGlobalSection
EndGlobal
